<?xml version="1.0" encoding="utf-8"?>
<Project ToolsVersion="4.0" xmlns="http://schemas.microsoft.com/developer/msbuild/2003">
  <ItemGroup>
    <Filter Include="源文件">
      <UniqueIdentifier>{4FC737F1-C7A5-4376-A066-2A32D752A2FF}</UniqueIdentifier>
      <Extensions>cpp;c;cc;cxx;def;odl;idl;hpj;bat;asm;asmx</Extensions>
    </Filter>
    <Filter Include="头文件">
      <UniqueIdentifier>{93995380-89BD-4b04-88EB-625FBE52EBFB}</UniqueIdentifier>
      <Extensions>h;hh;hpp;hxx;hm;inl;inc;xsd</Extensions>
    </Filter>
    <Filter Include="资源文件">
      <UniqueIdentifier>{67DA6AB6-F800-4c08-8B7A-83BB121AAD01}</UniqueIdentifier>
      <Extensions>rc;ico;cur;bmp;dlg;rc2;rct;bin;rgs;gif;jpg;jpeg;jpe;resx;tiff;tif;png;wav;mfcribbon-ms</Extensions>
    </Filter>
    <Filter Include="源文件\glsl">
      <UniqueIdentifier>{a637addc-7276-4159-b6f0-10e0827d0a06}</UniqueIdentifier>
    </Filter>
    <Filter Include="历史">
      <UniqueIdentifier>{c268110d-d1a0-4ffc-94af-ea26564b606b}</UniqueIdentifier>
    </Filter>
    <Filter Include="源文件\model">
      <UniqueIdentifier>{871eb11b-b8e7-4dd8-aa1d-c7094e467ac7}</UniqueIdentifier>
    </Filter>
    <Filter Include="源文件\util">
      <UniqueIdentifier>{f4a3b0a0-0afe-4e56-aeeb-2e0633f7a219}</UniqueIdentifier>
    </Filter>
    <Filter Include="头文件\model">
      <UniqueIdentifier>{0b317c3d-f525-44dc-8735-2a75a642fbe9}</UniqueIdentifier>
    </Filter>
  </ItemGroup>
  <ItemGroup>
    <ClInclude Include="Camera.h">
      <Filter>头文件</Filter>
    </ClInclude>
    <ClInclude Include="Light.h">
      <Filter>头文件</Filter>
    </ClInclude>
    <ClInclude Include="Entity.h">
      <Filter>头文件</Filter>
    </ClInclude>
    <ClInclude Include="Application.h">
      <Filter>头文件</Filter>
    </ClInclude>
    <ClInclude Include="Shader.h">
      <Filter>头文件</Filter>
    </ClInclude>
    <ClInclude Include="TextRenderer.h">
      <Filter>头文件</Filter>
    </ClInclude>
    <ClInclude Include="Skybox.h">
      <Filter>头文件</Filter>
    </ClInclude>
    <ClInclude Include="ResourceManager.h">
      <Filter>头文件</Filter>
    </ClInclude>
    <ClInclude Include="ParticalManager.h">
      <Filter>头文件</Filter>
    </ClInclude>
    <ClInclude Include="Config.h">
      <Filter>头文件</Filter>
    </ClInclude>
    <ClInclude Include="Model.h">
      <Filter>头文件\model</Filter>
    </ClInclude>
    <ClInclude Include="Mesh.h">
      <Filter>头文件\model</Filter>
    </ClInclude>
  </ItemGroup>
  <ItemGroup>
    <None Include="glsl\asteroids.fs">
      <Filter>源文件\glsl</Filter>
    </None>
    <None Include="glsl\asteroids.vs">
      <Filter>源文件\glsl</Filter>
    </None>
    <None Include="glsl\2d.fs">
      <Filter>源文件\glsl</Filter>
    </None>
    <None Include="glsl\2d.vs">
      <Filter>源文件\glsl</Filter>
    </None>
    <None Include="glsl\normal.fs">
      <Filter>源文件\glsl</Filter>
    </None>
    <None Include="glsl\normal.gs">
      <Filter>源文件\glsl</Filter>
    </None>
    <None Include="glsl\normal.vs">
      <Filter>源文件\glsl</Filter>
    </None>
    <None Include="glsl\skybox.fs">
      <Filter>源文件\glsl</Filter>
    </None>
    <None Include="glsl\skybox.vs">
      <Filter>源文件\glsl</Filter>
    </None>
    <None Include="glsl\texture.fs">
      <Filter>源文件\glsl</Filter>
    </None>
    <None Include="glsl\texture.vs">
      <Filter>源文件\glsl</Filter>
    </None>
    <None Include="glsl\multitexture.vs">
      <Filter>源文件\glsl</Filter>
    </None>
    <None Include="glsl\multitexture.fs">
      <Filter>源文件\glsl</Filter>
    </None>
    <None Include="glsl\light.fs">
      <Filter>源文件\glsl</Filter>
    </None>
  </ItemGroup>
  <ItemGroup>
    <ClCompile Include="Main.cpp">
      <Filter>源文件</Filter>
    </ClCompile>
    <ClCompile Include="Application.cpp">
      <Filter>源文件</Filter>
    </ClCompile>
    <ClCompile Include="Camera.cpp">
      <Filter>源文件</Filter>
    </ClCompile>
    <ClCompile Include="stb_image.cpp">
      <Filter>源文件\util</Filter>
    </ClCompile>
    <ClCompile Include="ResourceManager.cpp">
      <Filter>源文件</Filter>
    </ClCompile>
    <ClCompile Include="Shader.cpp">
      <Filter>源文件</Filter>
    </ClCompile>
    <ClCompile Include="TextRenderer.cpp">
      <Filter>源文件</Filter>
    </ClCompile>
    <ClCompile Include="Skybox.cpp">
      <Filter>源文件</Filter>
    </ClCompile>
    <ClCompile Include="ParticalManager.cpp">
      <Filter>源文件</Filter>
    </ClCompile>
    <ClCompile Include="Entity.cpp">
      <Filter>源文件</Filter>
    </ClCompile>
  </ItemGroup>
</Project>